
Microsoft Visual Studio Solution File, Format Version 12.00
# Visual Studio 15
VisualStudioVersion = 15.0.27703.2026
MinimumVisualStudioVersion = 10.0.40219.1
Project("{FAE04EC0-301F-11D3-BF4B-00C04F79EFBC}") = "Sielo.Android", "Sielo\Sielo.Android\Sielo.Android.csproj", "{4E08626E-16B5-4923-81D7-CEE174462ACC}"
EndProject
Project("{FAE04EC0-301F-11D3-BF4B-00C04F79EFBC}") = "Sielo.iOS", "Sielo\Sielo.iOS\Sielo.iOS.csproj", "{55655E2A-2775-4DC3-88F6-459A9EB6999B}"
EndProject
Project("{FAE04EC0-301F-11D3-BF4B-00C04F79EFBC}") = "Sielo.UWP", "Sielo\Sielo.UWP\Sielo.UWP.csproj", "{6BF689BB-1FFA-4294-9FD9-BEF1E8188937}"
EndProject
Project("{D954291E-2A0B-460D-934E-DC6B0785DB48}") = "Sielo", "Sielo\Sielo\Sielo.shproj", "{9F4F834A-29B1-498E-B0AB-ED83553EF58C}"
EndProject
Global
	GlobalSection(SharedMSBuildProjectFiles) = preSolution
		Sielo\Sielo\Sielo.projitems*{4e08626e-16b5-4923-81d7-cee174462acc}*SharedItemsImports = 4
		Sielo\Sielo\Sielo.projitems*{55655e2a-2775-4dc3-88f6-459a9eb6999b}*SharedItemsImports = 4
		Sielo\Sielo\Sielo.projitems*{6bf689bb-1ffa-4294-9fd9-bef1e8188937}*SharedItemsImports = 4
		Sielo\Sielo\Sielo.projitems*{9f4f834a-29b1-498e-b0ab-ed83553ef58c}*SharedItemsImports = 13
	EndGlobalSection
	GlobalSection(SolutionConfigurationPlatforms) = preSolution
		Ad-Hoc|Any CPU = Ad-Hoc|Any CPU
		Ad-Hoc|ARM = Ad-Hoc|ARM
		Ad-Hoc|iPhone = Ad-Hoc|iPhone
		Ad-Hoc|iPhoneSimulator = Ad-Hoc|iPhoneSimulator
		Ad-Hoc|x64 = Ad-Hoc|x64
		Ad-Hoc|x86 = Ad-Hoc|x86
		AppStore|Any CPU = AppStore|Any CPU
		AppStore|ARM = AppStore|ARM
		AppStore|iPhone = AppStore|iPhone
		AppStore|iPhoneSimulator = AppStore|iPhoneSimulator
		AppStore|x64 = AppStore|x64
		AppStore|x86 = AppStore|x86
		Debug|Any CPU = Debug|Any CPU
		Debug|ARM = Debug|ARM
		Debug|iPhone = Debug|iPhone
		Debug|iPhoneSimulator = Debug|iPhoneSimulator
		Debug|x64 = Debug|x64
		Debug|x86 = Debug|x86
		Release|Any CPU = Release|Any CPU
		Release|ARM = Release|ARM
		Release|iPhone = Release|iPhone
		Release|iPhoneSimulator = Release|iPhoneSimulator
		Release|x64 = Release|x64
		Release|x86 = Release|x86
	EndGlobalSection
	GlobalSection(ProjectConfigurationPlatforms) = postSolution
		{4E08626E-16B5-4923-81D7-CEE174462ACC}.Ad-Hoc|Any CPU.ActiveCfg = Release|Any CPU
		{4E08626E-16B5-4923-81D7-CEE174462ACC}.Ad-Hoc|Any CPU.Build.0 = Release|Any CPU
		{4E08626E-16B5-4923-81D7-CEE174462ACC}.Ad-Hoc|Any CPU.Deploy.0 = Release|Any CPU
		{4E08626E-16B5-4923-81D7-CEE174462ACC}.Ad-Hoc|ARM.ActiveCfg = Release|Any CPU
		{4E08626E-16B5-4923-81D7-CEE174462ACC}.Ad-Hoc|ARM.Build.0 = Release|Any CPU
		{4E08626E-16B5-4923-81D7-CEE174462ACC}.Ad-Hoc|ARM.Deploy.0 = Release|Any CPU
		{4E08626E-16B5-4923-81D7-CEE174462ACC}.Ad-Hoc|iPhone.ActiveCfg = Release|Any CPU
		{4E08626E-16B5-4923-81D7-CEE174462ACC}.Ad-Hoc|iPhone.Build.0 = Release|Any CPU
		{4E08626E-16B5-4923-81D7-CEE174462ACC}.Ad-Hoc|iPhone.Deploy.0 = Release|Any CPU
		{4E08626E-16B5-4923-81D7-CEE174462ACC}.Ad-Hoc|iPhoneSimulator.ActiveCfg = Release|Any CPU
		{4E08626E-16B5-4923-81D7-CEE174462ACC}.Ad-Hoc|iPhoneSimulator.Build.0 = Release|Any CPU
		{4E08626E-16B5-4923-81D7-CEE174462ACC}.Ad-Hoc|iPhoneSimulator.Deploy.0 = Release|Any CPU
		{4E08626E-16B5-4923-81D7-CEE174462ACC}.Ad-Hoc|x64.ActiveCfg = Release|Any CPU
		{4E08626E-16B5-4923-81D7-CEE174462ACC}.Ad-Hoc|x64.Build.0 = Release|Any CPU
		{4E08626E-16B5-4923-81D7-CEE174462ACC}.Ad-Hoc|x64.Deploy.0 = Release|Any CPU
		{4E08626E-16B5-4923-81D7-CEE174462ACC}.Ad-Hoc|x86.ActiveCfg = Release|Any CPU
		{4E08626E-16B5-4923-81D7-CEE174462ACC}.Ad-Hoc|x86.Build.0 = Release|Any CPU
		{4E08626E-16B5-4923-81D7-CEE174462ACC}.Ad-Hoc|x86.Deploy.0 = Release|Any CPU
		{4E08626E-16B5-4923-81D7-CEE174462ACC}.AppStore|Any CPU.ActiveCfg = Release|Any CPU
		{4E08626E-16B5-4923-81D7-CEE174462ACC}.AppStore|Any CPU.Build.0 = Release|Any CPU
		{4E08626E-16B5-4923-81D7-CEE174462ACC}.AppStore|Any CPU.Deploy.0 = Release|Any CPU
		{4E08626E-16B5-4923-81D7-CEE174462ACC}.AppStore|ARM.ActiveCfg = Release|Any CPU
		{4E08626E-16B5-4923-81D7-CEE174462ACC}.AppStore|ARM.Build.0 = Release|Any CPU
		{4E08626E-16B5-4923-81D7-CEE174462ACC}.AppStore|ARM.Deploy.0 = Release|Any CPU
		{4E08626E-16B5-4923-81D7-CEE174462ACC}.AppStore|iPhone.ActiveCfg = Release|Any CPU
		{4E08626E-16B5-4923-81D7-CEE174462ACC}.AppStore|iPhone.Build.0 = Release|Any CPU
		{4E08626E-16B5-4923-81D7-CEE174462ACC}.AppStore|iPhone.Deploy.0 = Release|Any CPU
		{4E08626E-16B5-4923-81D7-CEE174462ACC}.AppStore|iPhoneSimulator.ActiveCfg = Release|Any CPU
		{4E08626E-16B5-4923-81D7-CEE174462ACC}.AppStore|iPhoneSimulator.Build.0 = Release|Any CPU
		{4E08626E-16B5-4923-81D7-CEE174462ACC}.AppStore|iPhoneSimulator.Deploy.0 = Release|Any CPU
		{4E08626E-16B5-4923-81D7-CEE174462ACC}.AppStore|x64.ActiveCfg = Release|Any CPU
		{4E08626E-16B5-4923-81D7-CEE174462ACC}.AppStore|x64.Build.0 = Release|Any CPU
		{4E08626E-16B5-4923-81D7-CEE174462ACC}.AppStore|x64.Deploy.0 = Release|Any CPU
		{4E08626E-16B5-4923-81D7-CEE174462ACC}.AppStore|x86.ActiveCfg = Release|Any CPU
		{4E08626E-16B5-4923-81D7-CEE174462ACC}.AppStore|x86.Build.0 = Release|Any CPU
		{4E08626E-16B5-4923-81D7-CEE174462ACC}.AppStore|x86.Deploy.0 = Release|Any CPU
		{4E08626E-16B5-4923-81D7-CEE174462ACC}.Debug|Any CPU.ActiveCfg = Debug|Any CPU
		{4E08626E-16B5-4923-81D7-CEE174462ACC}.Debug|Any CPU.Build.0 = Debug|Any CPU
		{4E08626E-16B5-4923-81D7-CEE174462ACC}.Debug|Any CPU.Deploy.0 = Debug|Any CPU
		{4E08626E-16B5-4923-81D7-CEE174462ACC}.Debug|ARM.ActiveCfg = Debug|Any CPU
		{4E08626E-16B5-4923-81D7-CEE174462ACC}.Debug|ARM.Build.0 = Debug|Any CPU
		{4E08626E-16B5-4923-81D7-CEE174462ACC}.Debug|ARM.Deploy.0 = Debug|Any CPU
		{4E08626E-16B5-4923-81D7-CEE174462ACC}.Debug|iPhone.ActiveCfg = Debug|Any CPU
		{4E08626E-16B5-4923-81D7-CEE174462ACC}.Debug|iPhone.Build.0 = Debug|Any CPU
		{4E08626E-16B5-4923-81D7-CEE174462ACC}.Debug|iPhone.Deploy.0 = Debug|Any CPU
		{4E08626E-16B5-4923-81D7-CEE174462ACC}.Debug|iPhoneSimulator.ActiveCfg = Debug|Any CPU
		{4E08626E-16B5-4923-81D7-CEE174462ACC}.Debug|iPhoneSimulator.Build.0 = Debug|Any CPU
		{4E08626E-16B5-4923-81D7-CEE174462ACC}.Debug|iPhoneSimulator.Deploy.0 = Debug|Any CPU
		{4E08626E-16B5-4923-81D7-CEE174462ACC}.Debug|x64.ActiveCfg = Debug|Any CPU
		{4E08626E-16B5-4923-81D7-CEE174462ACC}.Debug|x64.Build.0 = Debug|Any CPU
		{4E08626E-16B5-4923-81D7-CEE174462ACC}.Debug|x64.Deploy.0 = Debug|Any CPU
		{4E08626E-16B5-4923-81D7-CEE174462ACC}.Debug|x86.ActiveCfg = Debug|Any CPU
		{4E08626E-16B5-4923-81D7-CEE174462ACC}.Debug|x86.Build.0 = Debug|Any CPU
		{4E08626E-16B5-4923-81D7-CEE174462ACC}.Debug|x86.Deploy.0 = Debug|Any CPU
		{4E08626E-16B5-4923-81D7-CEE174462ACC}.Release|Any CPU.ActiveCfg = Release|Any CPU
		{4E08626E-16B5-4923-81D7-CEE174462ACC}.Release|Any CPU.Build.0 = Release|Any CPU
		{4E08626E-16B5-4923-81D7-CEE174462ACC}.Release|Any CPU.Deploy.0 = Release|Any CPU
		{4E08626E-16B5-4923-81D7-CEE174462ACC}.Release|ARM.ActiveCfg = Release|Any CPU
		{4E08626E-16B5-4923-81D7-CEE174462ACC}.Release|ARM.Build.0 = Release|Any CPU
		{4E08626E-16B5-4923-81D7-CEE174462ACC}.Release|ARM.Deploy.0 = Release|Any CPU
		{4E08626E-16B5-4923-81D7-CEE174462ACC}.Release|iPhone.ActiveCfg = Release|Any CPU
		{4E08626E-16B5-4923-81D7-CEE174462ACC}.Release|iPhone.Build.0 = Release|Any CPU
		{4E08626E-16B5-4923-81D7-CEE174462ACC}.Release|iPhone.Deploy.0 = Release|Any CPU
		{4E08626E-16B5-4923-81D7-CEE174462ACC}.Release|iPhoneSimulator.ActiveCfg = Release|Any CPU
		{4E08626E-16B5-4923-81D7-CEE174462ACC}.Release|iPhoneSimulator.Build.0 = Release|Any CPU
		{4E08626E-16B5-4923-81D7-CEE174462ACC}.Release|iPhoneSimulator.Deploy.0 = Release|Any CPU
		{4E08626E-16B5-4923-81D7-CEE174462ACC}.Release|x64.ActiveCfg = Release|Any CPU
		{4E08626E-16B5-4923-81D7-CEE174462ACC}.Release|x64.Build.0 = Release|Any CPU
		{4E08626E-16B5-4923-81D7-CEE174462ACC}.Release|x64.Deploy.0 = Release|Any CPU
		{4E08626E-16B5-4923-81D7-CEE174462ACC}.Release|x86.ActiveCfg = Release|Any CPU
		{4E08626E-16B5-4923-81D7-CEE174462ACC}.Release|x86.Build.0 = Release|Any CPU
		{4E08626E-16B5-4923-81D7-CEE174462ACC}.Release|x86.Deploy.0 = Release|Any CPU
		{55655E2A-2775-4DC3-88F6-459A9EB6999B}.Ad-Hoc|Any CPU.ActiveCfg = Ad-Hoc|iPhone
		{55655E2A-2775-4DC3-88F6-459A9EB6999B}.Ad-Hoc|Any CPU.Build.0 = Ad-Hoc|iPhone
		{55655E2A-2775-4DC3-88F6-459A9EB6999B}.Ad-Hoc|Any CPU.Deploy.0 = Ad-Hoc|iPhone
		{55655E2A-2775-4DC3-88F6-459A9EB6999B}.Ad-Hoc|ARM.ActiveCfg = Ad-Hoc|iPhone
		{55655E2A-2775-4DC3-88F6-459A9EB6999B}.Ad-Hoc|ARM.Build.0 = Ad-Hoc|iPhone
		{55655E2A-2775-4DC3-88F6-459A9EB6999B}.Ad-Hoc|ARM.Deploy.0 = Ad-Hoc|iPhone
		{55655E2A-2775-4DC3-88F6-459A9EB6999B}.Ad-Hoc|iPhone.ActiveCfg = Ad-Hoc|iPhone
		{55655E2A-2775-4DC3-88F6-459A9EB6999B}.Ad-Hoc|iPhone.Build.0 = Ad-Hoc|iPhone
		{55655E2A-2775-4DC3-88F6-459A9EB6999B}.Ad-Hoc|iPhone.Deploy.0 = Ad-Hoc|iPhone
		{55655E2A-2775-4DC3-88F6-459A9EB6999B}.Ad-Hoc|iPhoneSimulator.ActiveCfg = Ad-Hoc|iPhoneSimulator
		{55655E2A-2775-4DC3-88F6-459A9EB6999B}.Ad-Hoc|iPhoneSimulator.Build.0 = Ad-Hoc|iPhoneSimulator
		{55655E2A-2775-4DC3-88F6-459A9EB6999B}.Ad-Hoc|iPhoneSimulator.Deploy.0 = Ad-Hoc|iPhoneSimulator
		{55655E2A-2775-4DC3-88F6-459A9EB6999B}.Ad-Hoc|x64.ActiveCfg = Ad-Hoc|iPhone
		{55655E2A-2775-4DC3-88F6-459A9EB6999B}.Ad-Hoc|x64.Build.0 = Ad-Hoc|iPhone
		{55655E2A-2775-4DC3-88F6-459A9EB6999B}.Ad-Hoc|x64.Deploy.0 = Ad-Hoc|iPhone
		{55655E2A-2775-4DC3-88F6-459A9EB6999B}.Ad-Hoc|x86.ActiveCfg = Ad-Hoc|iPhone
		{55655E2A-2775-4DC3-88F6-459A9EB6999B}.Ad-Hoc|x86.Build.0 = Ad-Hoc|iPhone
		{55655E2A-2775-4DC3-88F6-459A9EB6999B}.Ad-Hoc|x86.Deploy.0 = Ad-Hoc|iPhone
		{55655E2A-2775-4DC3-88F6-459A9EB6999B}.AppStore|Any CPU.ActiveCfg = AppStore|iPhone
		{55655E2A-2775-4DC3-88F6-459A9EB6999B}.AppStore|Any CPU.Build.0 = AppStore|iPhone
		{55655E2A-2775-4DC3-88F6-459A9EB6999B}.AppStore|Any CPU.Deploy.0 = AppStore|iPhone
		{55655E2A-2775-4DC3-88F6-459A9EB6999B}.AppStore|ARM.ActiveCfg = AppStore|iPhone
		{55655E2A-2775-4DC3-88F6-459A9EB6999B}.AppStore|ARM.Build.0 = AppStore|iPhone
		{55655E2A-2775-4DC3-88F6-459A9EB6999B}.AppStore|ARM.Deploy.0 = AppStore|iPhone
		{55655E2A-2775-4DC3-88F6-459A9EB6999B}.AppStore|iPhone.ActiveCfg = AppStore|iPhone
		{55655E2A-2775-4DC3-88F6-459A9EB6999B}.AppStore|iPhone.Build.0 = AppStore|iPhone
		{55655E2A-2775-4DC3-88F6-459A9EB6999B}.AppStore|iPhone.Deploy.0 = AppStore|iPhone
		{55655E2A-2775-4DC3-88F6-459A9EB6999B}.AppStore|iPhoneSimulator.ActiveCfg = AppStore|iPhoneSimulator
		{55655E2A-2775-4DC3-88F6-459A9EB6999B}.AppStore|iPhoneSimulator.Build.0 = AppStore|iPhoneSimulator
		{55655E2A-2775-4DC3-88F6-459A9EB6999B}.AppStore|iPhoneSimulator.Deploy.0 = AppStore|iPhoneSimulator
		{55655E2A-2775-4DC3-88F6-459A9EB6999B}.AppStore|x64.ActiveCfg = AppStore|iPhone
		{55655E2A-2775-4DC3-88F6-459A9EB6999B}.AppStore|x64.Build.0 = AppStore|iPhone
		{55655E2A-2775-4DC3-88F6-459A9EB6999B}.AppStore|x64.Deploy.0 = AppStore|iPhone
		{55655E2A-2775-4DC3-88F6-459A9EB6999B}.AppStore|x86.ActiveCfg = AppStore|iPhone
		{55655E2A-2775-4DC3-88F6-459A9EB6999B}.AppStore|x86.Build.0 = AppStore|iPhone
		{55655E2A-2775-4DC3-88F6-459A9EB6999B}.AppStore|x86.Deploy.0 = AppStore|iPhone
		{55655E2A-2775-4DC3-88F6-459A9EB6999B}.Debug|Any CPU.ActiveCfg = Debug|iPhoneSimulator
		{55655E2A-2775-4DC3-88F6-459A9EB6999B}.Debug|Any CPU.Build.0 = Debug|iPhoneSimulator
		{55655E2A-2775-4DC3-88F6-459A9EB6999B}.Debug|Any CPU.Deploy.0 = Debug|iPhoneSimulator
		{55655E2A-2775-4DC3-88F6-459A9EB6999B}.Debug|ARM.ActiveCfg = Debug|iPhone
		{55655E2A-2775-4DC3-88F6-459A9EB6999B}.Debug|ARM.Build.0 = Debug|iPhone
		{55655E2A-2775-4DC3-88F6-459A9EB6999B}.Debug|ARM.Deploy.0 = Debug|iPhone
		{55655E2A-2775-4DC3-88F6-459A9EB6999B}.Debug|iPhone.ActiveCfg = Debug|iPhone
		{55655E2A-2775-4DC3-88F6-459A9EB6999B}.Debug|iPhone.Build.0 = Debug|iPhone
		{55655E2A-2775-4DC3-88F6-459A9EB6999B}.Debug|iPhone.Deploy.0 = Debug|iPhone
		{55655E2A-2775-4DC3-88F6-459A9EB6999B}.Debug|iPhoneSimulator.ActiveCfg = Debug|iPhoneSimulator
		{55655E2A-2775-4DC3-88F6-459A9EB6999B}.Debug|iPhoneSimulator.Build.0 = Debug|iPhoneSimulator
		{55655E2A-2775-4DC3-88F6-459A9EB6999B}.Debug|iPhoneSimulator.Deploy.0 = Debug|iPhoneSimulator
		{55655E2A-2775-4DC3-88F6-459A9EB6999B}.Debug|x64.ActiveCfg = Debug|iPhone
		{55655E2A-2775-4DC3-88F6-459A9EB6999B}.Debug|x64.Build.0 = Debug|iPhone
		{55655E2A-2775-4DC3-88F6-459A9EB6999B}.Debug|x64.Deploy.0 = Debug|iPhone
		{55655E2A-2775-4DC3-88F6-459A9EB6999B}.Debug|x86.ActiveCfg = Debug|iPhone
		{55655E2A-2775-4DC3-88F6-459A9EB6999B}.Debug|x86.Build.0 = Debug|iPhone
		{55655E2A-2775-4DC3-88F6-459A9EB6999B}.Debug|x86.Deploy.0 = Debug|iPhone
		{55655E2A-2775-4DC3-88F6-459A9EB6999B}.Release|Any CPU.ActiveCfg = Release|iPhone
		{55655E2A-2775-4DC3-88F6-459A9EB6999B}.Release|Any CPU.Build.0 = Release|iPhone
		{55655E2A-2775-4DC3-88F6-459A9EB6999B}.Release|Any CPU.Deploy.0 = Release|iPhone
		{55655E2A-2775-4DC3-88F6-459A9EB6999B}.Release|ARM.ActiveCfg = Release|iPhone
		{55655E2A-2775-4DC3-88F6-459A9EB6999B}.Release|ARM.Build.0 = Release|iPhone
		{55655E2A-2775-4DC3-88F6-459A9EB6999B}.Release|ARM.Deploy.0 = Release|iPhone
		{55655E2A-2775-4DC3-88F6-459A9EB6999B}.Release|iPhone.ActiveCfg = Release|iPhone
		{55655E2A-2775-4DC3-88F6-459A9EB6999B}.Release|iPhone.Build.0 = Release|iPhone
		{55655E2A-2775-4DC3-88F6-459A9EB6999B}.Release|iPhone.Deploy.0 = Release|iPhone
		{55655E2A-2775-4DC3-88F6-459A9EB6999B}.Release|iPhoneSimulator.ActiveCfg = Release|iPhoneSimulator
		{55655E2A-2775-4DC3-88F6-459A9EB6999B}.Release|iPhoneSimulator.Build.0 = Release|iPhoneSimulator
		{55655E2A-2775-4DC3-88F6-459A9EB6999B}.Release|iPhoneSimulator.Deploy.0 = Release|iPhoneSimulator
		{55655E2A-2775-4DC3-88F6-459A9EB6999B}.Release|x64.ActiveCfg = Release|iPhone
		{55655E2A-2775-4DC3-88F6-459A9EB6999B}.Release|x64.Build.0 = Release|iPhone
		{55655E2A-2775-4DC3-88F6-459A9EB6999B}.Release|x64.Deploy.0 = Release|iPhone
		{55655E2A-2775-4DC3-88F6-459A9EB6999B}.Release|x86.ActiveCfg = Release|iPhone
		{55655E2A-2775-4DC3-88F6-459A9EB6999B}.Release|x86.Build.0 = Release|iPhone
		{55655E2A-2775-4DC3-88F6-459A9EB6999B}.Release|x86.Deploy.0 = Release|iPhone
		{6BF689BB-1FFA-4294-9FD9-BEF1E8188937}.Ad-Hoc|Any CPU.ActiveCfg = Release|x86
		{6BF689BB-1FFA-4294-9FD9-BEF1E8188937}.Ad-Hoc|Any CPU.Build.0 = Release|x86
		{6BF689BB-1FFA-4294-9FD9-BEF1E8188937}.Ad-Hoc|Any CPU.Deploy.0 = Release|x86
		{6BF689BB-1FFA-4294-9FD9-BEF1E8188937}.Ad-Hoc|ARM.ActiveCfg = Release|ARM
		{6BF689BB-1FFA-4294-9FD9-BEF1E8188937}.Ad-Hoc|ARM.Build.0 = Release|ARM
		{6BF689BB-1FFA-4294-9FD9-BEF1E8188937}.Ad-Hoc|ARM.Deploy.0 = Release|ARM
		{6BF689BB-1FFA-4294-9FD9-BEF1E8188937}.Ad-Hoc|iPhone.ActiveCfg = Release|x86
		{6BF689BB-1FFA-4294-9FD9-BEF1E8188937}.Ad-Hoc|iPhone.Build.0 = Release|x86
		{6BF689BB-1FFA-4294-9FD9-BEF1E8188937}.Ad-Hoc|iPhone.Deploy.0 = Release|x86
		{6BF689BB-1FFA-4294-9FD9-BEF1E8188937}.Ad-Hoc|iPhoneSimulator.ActiveCfg = Release|x86
		{6BF689BB-1FFA-4294-9FD9-BEF1E8188937}.Ad-Hoc|iPhoneSimulator.Build.0 = Release|x86
		{6BF689BB-1FFA-4294-9FD9-BEF1E8188937}.Ad-Hoc|iPhoneSimulator.Deploy.0 = Release|x86
		{6BF689BB-1FFA-4294-9FD9-BEF1E8188937}.Ad-Hoc|x64.ActiveCfg = Release|x64
		{6BF689BB-1FFA-4294-9FD9-BEF1E8188937}.Ad-Hoc|x64.Build.0 = Release|x64
		{6BF689BB-1FFA-4294-9FD9-BEF1E8188937}.Ad-Hoc|x64.Deploy.0 = Release|x64
		{6BF689BB-1FFA-4294-9FD9-BEF1E8188937}.Ad-Hoc|x86.ActiveCfg = Release|x86
		{6BF689BB-1FFA-4294-9FD9-BEF1E8188937}.Ad-Hoc|x86.Build.0 = Release|x86
		{6BF689BB-1FFA-4294-9FD9-BEF1E8188937}.Ad-Hoc|x86.Deploy.0 = Release|x86
		{6BF689BB-1FFA-4294-9FD9-BEF1E8188937}.AppStore|Any CPU.ActiveCfg = Release|x86
		{6BF689BB-1FFA-4294-9FD9-BEF1E8188937}.AppStore|Any CPU.Build.0 = Release|x86
		{6BF689BB-1FFA-4294-9FD9-BEF1E8188937}.AppStore|Any CPU.Deploy.0 = Release|x86
		{6BF689BB-1FFA-4294-9FD9-BEF1E8188937}.AppStore|ARM.ActiveCfg = Release|ARM
		{6BF689BB-1FFA-4294-9FD9-BEF1E8188937}.AppStore|ARM.Build.0 = Release|ARM
		{6BF689BB-1FFA-4294-9FD9-BEF1E8188937}.AppStore|ARM.Deploy.0 = Release|ARM
		{6BF689BB-1FFA-4294-9FD9-BEF1E8188937}.AppStore|iPhone.ActiveCfg = Release|x86
		{6BF689BB-1FFA-4294-9FD9-BEF1E8188937}.AppStore|iPhone.Build.0 = Release|x86
		{6BF689BB-1FFA-4294-9FD9-BEF1E8188937}.AppStore|iPhone.Deploy.0 = Release|x86
		{6BF689BB-1FFA-4294-9FD9-BEF1E8188937}.AppStore|iPhoneSimulator.ActiveCfg = Release|x86
		{6BF689BB-1FFA-4294-9FD9-BEF1E8188937}.AppStore|iPhoneSimulator.Build.0 = Release|x86
		{6BF689BB-1FFA-4294-9FD9-BEF1E8188937}.AppStore|iPhoneSimulator.Deploy.0 = Release|x86
		{6BF689BB-1FFA-4294-9FD9-BEF1E8188937}.AppStore|x64.ActiveCfg = Release|x64
		{6BF689BB-1FFA-4294-9FD9-BEF1E8188937}.AppStore|x64.Build.0 = Release|x64
		{6BF689BB-1FFA-4294-9FD9-BEF1E8188937}.AppStore|x64.Deploy.0 = Release|x64
		{6BF689BB-1FFA-4294-9FD9-BEF1E8188937}.AppStore|x86.ActiveCfg = Release|x86
		{6BF689BB-1FFA-4294-9FD9-BEF1E8188937}.AppStore|x86.Build.0 = Release|x86
		{6BF689BB-1FFA-4294-9FD9-BEF1E8188937}.AppStore|x86.Deploy.0 = Release|x86
		{6BF689BB-1FFA-4294-9FD9-BEF1E8188937}.Debug|Any CPU.ActiveCfg = Debug|x86
		{6BF689BB-1FFA-4294-9FD9-BEF1E8188937}.Debug|Any CPU.Build.0 = Debug|x86
		{6BF689BB-1FFA-4294-9FD9-BEF1E8188937}.Debug|Any CPU.Deploy.0 = Debug|x86
		{6BF689BB-1FFA-4294-9FD9-BEF1E8188937}.Debug|ARM.ActiveCfg = Debug|ARM
		{6BF689BB-1FFA-4294-9FD9-BEF1E8188937}.Debug|ARM.Build.0 = Debug|ARM
		{6BF689BB-1FFA-4294-9FD9-BEF1E8188937}.Debug|ARM.Deploy.0 = Debug|ARM
		{6BF689BB-1FFA-4294-9FD9-BEF1E8188937}.Debug|iPhone.ActiveCfg = Debug|x86
		{6BF689BB-1FFA-4294-9FD9-BEF1E8188937}.Debug|iPhone.Build.0 = Debug|x86
		{6BF689BB-1FFA-4294-9FD9-BEF1E8188937}.Debug|iPhone.Deploy.0 = Debug|x86
		{6BF689BB-1FFA-4294-9FD9-BEF1E8188937}.Debug|iPhoneSimulator.ActiveCfg = Debug|x86
		{6BF689BB-1FFA-4294-9FD9-BEF1E8188937}.Debug|iPhoneSimulator.Build.0 = Debug|x86
		{6BF689BB-1FFA-4294-9FD9-BEF1E8188937}.Debug|iPhoneSimulator.Deploy.0 = Debug|x86
		{6BF689BB-1FFA-4294-9FD9-BEF1E8188937}.Debug|x64.ActiveCfg = Debug|x64
		{6BF689BB-1FFA-4294-9FD9-BEF1E8188937}.Debug|x64.Build.0 = Debug|x64
		{6BF689BB-1FFA-4294-9FD9-BEF1E8188937}.Debug|x64.Deploy.0 = Debug|x64
		{6BF689BB-1FFA-4294-9FD9-BEF1E8188937}.Debug|x86.ActiveCfg = Debug|x86
		{6BF689BB-1FFA-4294-9FD9-BEF1E8188937}.Debug|x86.Build.0 = Debug|x86
		{6BF689BB-1FFA-4294-9FD9-BEF1E8188937}.Debug|x86.Deploy.0 = Debug|x86
		{6BF689BB-1FFA-4294-9FD9-BEF1E8188937}.Release|Any CPU.ActiveCfg = Release|x86
		{6BF689BB-1FFA-4294-9FD9-BEF1E8188937}.Release|Any CPU.Build.0 = Release|x86
		{6BF689BB-1FFA-4294-9FD9-BEF1E8188937}.Release|Any CPU.Deploy.0 = Release|x86
		{6BF689BB-1FFA-4294-9FD9-BEF1E8188937}.Release|ARM.ActiveCfg = Release|ARM
		{6BF689BB-1FFA-4294-9FD9-BEF1E8188937}.Release|ARM.Build.0 = Release|ARM
		{6BF689BB-1FFA-4294-9FD9-BEF1E8188937}.Release|ARM.Deploy.0 = Release|ARM
		{6BF689BB-1FFA-4294-9FD9-BEF1E8188937}.Release|iPhone.ActiveCfg = Release|x86
		{6BF689BB-1FFA-4294-9FD9-BEF1E8188937}.Release|iPhone.Build.0 = Release|x86
		{6BF689BB-1FFA-4294-9FD9-BEF1E8188937}.Release|iPhone.Deploy.0 = Release|x86
		{6BF689BB-1FFA-4294-9FD9-BEF1E8188937}.Release|iPhoneSimulator.ActiveCfg = Release|x86
		{6BF689BB-1FFA-4294-9FD9-BEF1E8188937}.Release|iPhoneSimulator.Build.0 = Release|x86
		{6BF689BB-1FFA-4294-9FD9-BEF1E8188937}.Release|iPhoneSimulator.Deploy.0 = Release|x86
		{6BF689BB-1FFA-4294-9FD9-BEF1E8188937}.Release|x64.ActiveCfg = Release|x64
		{6BF689BB-1FFA-4294-9FD9-BEF1E8188937}.Release|x64.Build.0 = Release|x64
		{6BF689BB-1FFA-4294-9FD9-BEF1E8188937}.Release|x64.Deploy.0 = Release|x64
		{6BF689BB-1FFA-4294-9FD9-BEF1E8188937}.Release|x86.ActiveCfg = Release|x86
		{6BF689BB-1FFA-4294-9FD9-BEF1E8188937}.Release|x86.Build.0 = Release|x86
		{6BF689BB-1FFA-4294-9FD9-BEF1E8188937}.Release|x86.Deploy.0 = Release|x86
	EndGlobalSection
	GlobalSection(SolutionProperties) = preSolution
		HideSolutionNode = FALSE
	EndGlobalSection
	GlobalSection(ExtensibilityGlobals) = postSolution
		SolutionGuid = {84D12920-8726-462A-BDE0-CE6BD350F274}
	EndGlobalSection
EndGlobal
